
Microsoft Visual Studio Solution File, Format Version 12.00
# Visual Studio Version 17
VisualStudioVersion = 17.6.33723.286
MinimumVisualStudioVersion = 10.0.40219.1
Project("{FAE04EC0-301F-11D3-BF4B-00C04F79EFBC}") = "3 - petshop", "3 - petshop\3 - petshop.csproj", "{AEFD8609-5FF6-4C84-A181-9508CED758AA}"
EndProject
Global
	GlobalSection(SolutionConfigurationPlatforms) = preSolution
		Debug|Any CPU = Debug|Any CPU
		Release|Any CPU = Release|Any CPU
	EndGlobalSection
	GlobalSection(ProjectConfigurationPlatforms) = postSolution
		{AEFD8609-5FF6-4C84-A181-9508CED758AA}.Debug|Any CPU.ActiveCfg = Debug|Any CPU
		{AEFD8609-5FF6-4C84-A181-9508CED758AA}.Debug|Any CPU.Build.0 = Debug|Any CPU
		{AEFD8609-5FF6-4C84-A181-9508CED758AA}.Release|Any CPU.ActiveCfg = Release|Any CPU
		{AEFD8609-5FF6-4C84-A181-9508CED758AA}.Release|Any CPU.Build.0 = Release|Any CPU
	EndGlobalSection
	GlobalSection(SolutionProperties) = preSolution
		HideSolutionNode = FALSE
	EndGlobalSection
	GlobalSection(ExtensibilityGlobals) = postSolution
		SolutionGuid = {3A5681DF-3B85-45D6-AC3F-7A40610BD6A2}
	EndGlobalSection
EndGlobal
